
Microsoft Visual Studio Solution File, Format Version 12.00
# Visual Studio Version 17
VisualStudioVersion = 17.11.35208.52
MinimumVisualStudioVersion = 10.0.40219.1
Project("{9A19103F-16F7-4668-BE54-9A1E7A4F7556}") = "GSMP.CLI", "src\GSMP.CLI\GSMP.CLI.csproj", "{ACB155B2-FC5C-4EBF-9833-E56F893D4792}"
	ProjectSection(ProjectDependencies) = postProject
		{EBDA0E11-8D93-4831-B3EE-E4D293E393FC} = {EBDA0E11-8D93-4831-B3EE-E4D293E393FC}
	EndProjectSection
EndProject
Project("{2150E333-8FDC-42A3-9474-1A3956D46DE8}") = "src", "src", "{32D276E7-9D05-4EE0-8AB5-4454BC578ED4}"
EndProject
Project("{2150E333-8FDC-42A3-9474-1A3956D46DE8}") = "test", "test", "{7DC30877-43F4-45AF-953D-499C3577B420}"
EndProject
Project("{9A19103F-16F7-4668-BE54-9A1E7A4F7556}") = "GSMP.Model.Tests", "test\GSMP.Model.Tests\GSMP.Model.Tests.csproj", "{CB8DE787-7909-48CD-A621-30274FFF90DA}"
	ProjectSection(ProjectDependencies) = postProject
		{0A0FFB1F-E353-453D-9697-FF2F9EC0DC91} = {0A0FFB1F-E353-453D-9697-FF2F9EC0DC91}
	EndProjectSection
EndProject
Project("{9A19103F-16F7-4668-BE54-9A1E7A4F7556}") = "GSMP.Model", "src\GSMP.Model\GSMP.Model.csproj", "{0A0FFB1F-E353-453D-9697-FF2F9EC0DC91}"
EndProject
Project("{9A19103F-16F7-4668-BE54-9A1E7A4F7556}") = "GSMP.ModelManager", "src\GSMP.ModelManager\GSMP.ModelManager.csproj", "{EBDA0E11-8D93-4831-B3EE-E4D293E393FC}"
	ProjectSection(ProjectDependencies) = postProject
		{0A0FFB1F-E353-453D-9697-FF2F9EC0DC91} = {0A0FFB1F-E353-453D-9697-FF2F9EC0DC91}
	EndProjectSection
EndProject
Project("{8BC9CEB8-8B4A-11D0-8D11-00A0C91BC942}") = "GSMP.Model.C", "src\GSMP.Model.C\GSMP.Model.C.vcxproj", "{C6936B37-D4B0-4A44-A10F-DDA2215CD58C}"
EndProject
Project("{FAE04EC0-301F-11D3-BF4B-00C04F79EFBC}") = "GSMP.Model.CSharp", "src\GSMP.Model.CSharp\GSMP.Model.CSharp.csproj", "{E58FC797-31B0-49EE-BA1E-0CB27FE9810D}"
EndProject
Global
	GlobalSection(SolutionConfigurationPlatforms) = preSolution
		Debug|Any CPU = Debug|Any CPU
		Debug|x64 = Debug|x64
		Debug|x86 = Debug|x86
		Release|Any CPU = Release|Any CPU
		Release|x64 = Release|x64
		Release|x86 = Release|x86
	EndGlobalSection
	GlobalSection(ProjectConfigurationPlatforms) = postSolution
		{ACB155B2-FC5C-4EBF-9833-E56F893D4792}.Debug|Any CPU.ActiveCfg = Debug|Any CPU
		{ACB155B2-FC5C-4EBF-9833-E56F893D4792}.Debug|Any CPU.Build.0 = Debug|Any CPU
		{ACB155B2-FC5C-4EBF-9833-E56F893D4792}.Debug|x64.ActiveCfg = Debug|Any CPU
		{ACB155B2-FC5C-4EBF-9833-E56F893D4792}.Debug|x64.Build.0 = Debug|Any CPU
		{ACB155B2-FC5C-4EBF-9833-E56F893D4792}.Debug|x86.ActiveCfg = Debug|Any CPU
		{ACB155B2-FC5C-4EBF-9833-E56F893D4792}.Debug|x86.Build.0 = Debug|Any CPU
		{ACB155B2-FC5C-4EBF-9833-E56F893D4792}.Release|Any CPU.ActiveCfg = Release|Any CPU
		{ACB155B2-FC5C-4EBF-9833-E56F893D4792}.Release|Any CPU.Build.0 = Release|Any CPU
		{ACB155B2-FC5C-4EBF-9833-E56F893D4792}.Release|x64.ActiveCfg = Release|Any CPU
		{ACB155B2-FC5C-4EBF-9833-E56F893D4792}.Release|x64.Build.0 = Release|Any CPU
		{ACB155B2-FC5C-4EBF-9833-E56F893D4792}.Release|x86.ActiveCfg = Release|Any CPU
		{ACB155B2-FC5C-4EBF-9833-E56F893D4792}.Release|x86.Build.0 = Release|Any CPU
		{CB8DE787-7909-48CD-A621-30274FFF90DA}.Debug|Any CPU.ActiveCfg = Debug|Any CPU
		{CB8DE787-7909-48CD-A621-30274FFF90DA}.Debug|Any CPU.Build.0 = Debug|Any CPU
		{CB8DE787-7909-48CD-A621-30274FFF90DA}.Debug|x64.ActiveCfg = Debug|Any CPU
		{CB8DE787-7909-48CD-A621-30274FFF90DA}.Debug|x64.Build.0 = Debug|Any CPU
		{CB8DE787-7909-48CD-A621-30274FFF90DA}.Debug|x86.ActiveCfg = Debug|Any CPU
		{CB8DE787-7909-48CD-A621-30274FFF90DA}.Debug|x86.Build.0 = Debug|Any CPU
		{CB8DE787-7909-48CD-A621-30274FFF90DA}.Release|Any CPU.ActiveCfg = Release|Any CPU
		{CB8DE787-7909-48CD-A621-30274FFF90DA}.Release|Any CPU.Build.0 = Release|Any CPU
		{CB8DE787-7909-48CD-A621-30274FFF90DA}.Release|x64.ActiveCfg = Release|Any CPU
		{CB8DE787-7909-48CD-A621-30274FFF90DA}.Release|x64.Build.0 = Release|Any CPU
		{CB8DE787-7909-48CD-A621-30274FFF90DA}.Release|x86.ActiveCfg = Release|Any CPU
		{CB8DE787-7909-48CD-A621-30274FFF90DA}.Release|x86.Build.0 = Release|Any CPU
		{0A0FFB1F-E353-453D-9697-FF2F9EC0DC91}.Debug|Any CPU.ActiveCfg = Debug|Any CPU
		{0A0FFB1F-E353-453D-9697-FF2F9EC0DC91}.Debug|Any CPU.Build.0 = Debug|Any CPU
		{0A0FFB1F-E353-453D-9697-FF2F9EC0DC91}.Debug|x64.ActiveCfg = Debug|Any CPU
		{0A0FFB1F-E353-453D-9697-FF2F9EC0DC91}.Debug|x64.Build.0 = Debug|Any CPU
		{0A0FFB1F-E353-453D-9697-FF2F9EC0DC91}.Debug|x86.ActiveCfg = Debug|Any CPU
		{0A0FFB1F-E353-453D-9697-FF2F9EC0DC91}.Debug|x86.Build.0 = Debug|Any CPU
		{0A0FFB1F-E353-453D-9697-FF2F9EC0DC91}.Release|Any CPU.ActiveCfg = Release|Any CPU
		{0A0FFB1F-E353-453D-9697-FF2F9EC0DC91}.Release|Any CPU.Build.0 = Release|Any CPU
		{0A0FFB1F-E353-453D-9697-FF2F9EC0DC91}.Release|x64.ActiveCfg = Release|Any CPU
		{0A0FFB1F-E353-453D-9697-FF2F9EC0DC91}.Release|x64.Build.0 = Release|Any CPU
		{0A0FFB1F-E353-453D-9697-FF2F9EC0DC91}.Release|x86.ActiveCfg = Release|Any CPU
		{0A0FFB1F-E353-453D-9697-FF2F9EC0DC91}.Release|x86.Build.0 = Release|Any CPU
		{EBDA0E11-8D93-4831-B3EE-E4D293E393FC}.Debug|Any CPU.ActiveCfg = Debug|Any CPU
		{EBDA0E11-8D93-4831-B3EE-E4D293E393FC}.Debug|Any CPU.Build.0 = Debug|Any CPU
		{EBDA0E11-8D93-4831-B3EE-E4D293E393FC}.Debug|x64.ActiveCfg = Debug|Any CPU
		{EBDA0E11-8D93-4831-B3EE-E4D293E393FC}.Debug|x64.Build.0 = Debug|Any CPU
		{EBDA0E11-8D93-4831-B3EE-E4D293E393FC}.Debug|x86.ActiveCfg = Debug|Any CPU
		{EBDA0E11-8D93-4831-B3EE-E4D293E393FC}.Debug|x86.Build.0 = Debug|Any CPU
		{EBDA0E11-8D93-4831-B3EE-E4D293E393FC}.Release|Any CPU.ActiveCfg = Release|Any CPU
		{EBDA0E11-8D93-4831-B3EE-E4D293E393FC}.Release|Any CPU.Build.0 = Release|Any CPU
		{EBDA0E11-8D93-4831-B3EE-E4D293E393FC}.Release|x64.ActiveCfg = Release|Any CPU
		{EBDA0E11-8D93-4831-B3EE-E4D293E393FC}.Release|x64.Build.0 = Release|Any CPU
		{EBDA0E11-8D93-4831-B3EE-E4D293E393FC}.Release|x86.ActiveCfg = Release|Any CPU
		{EBDA0E11-8D93-4831-B3EE-E4D293E393FC}.Release|x86.Build.0 = Release|Any CPU
		{C6936B37-D4B0-4A44-A10F-DDA2215CD58C}.Debug|Any CPU.ActiveCfg = Debug|x64
		{C6936B37-D4B0-4A44-A10F-DDA2215CD58C}.Debug|Any CPU.Build.0 = Debug|x64
		{C6936B37-D4B0-4A44-A10F-DDA2215CD58C}.Debug|x64.ActiveCfg = Debug|x64
		{C6936B37-D4B0-4A44-A10F-DDA2215CD58C}.Debug|x64.Build.0 = Debug|x64
		{C6936B37-D4B0-4A44-A10F-DDA2215CD58C}.Debug|x86.ActiveCfg = Debug|Win32
		{C6936B37-D4B0-4A44-A10F-DDA2215CD58C}.Debug|x86.Build.0 = Debug|Win32
		{C6936B37-D4B0-4A44-A10F-DDA2215CD58C}.Release|Any CPU.ActiveCfg = Release|x64
		{C6936B37-D4B0-4A44-A10F-DDA2215CD58C}.Release|Any CPU.Build.0 = Release|x64
		{C6936B37-D4B0-4A44-A10F-DDA2215CD58C}.Release|x64.ActiveCfg = Release|x64
		{C6936B37-D4B0-4A44-A10F-DDA2215CD58C}.Release|x64.Build.0 = Release|x64
		{C6936B37-D4B0-4A44-A10F-DDA2215CD58C}.Release|x86.ActiveCfg = Release|Win32
		{C6936B37-D4B0-4A44-A10F-DDA2215CD58C}.Release|x86.Build.0 = Release|Win32
		{E58FC797-31B0-49EE-BA1E-0CB27FE9810D}.Debug|Any CPU.ActiveCfg = Debug|Any CPU
		{E58FC797-31B0-49EE-BA1E-0CB27FE9810D}.Debug|Any CPU.Build.0 = Debug|Any CPU
		{E58FC797-31B0-49EE-BA1E-0CB27FE9810D}.Debug|x64.ActiveCfg = Debug|Any CPU
		{E58FC797-31B0-49EE-BA1E-0CB27FE9810D}.Debug|x64.Build.0 = Debug|Any CPU
		{E58FC797-31B0-49EE-BA1E-0CB27FE9810D}.Debug|x86.ActiveCfg = Debug|Any CPU
		{E58FC797-31B0-49EE-BA1E-0CB27FE9810D}.Debug|x86.Build.0 = Debug|Any CPU
		{E58FC797-31B0-49EE-BA1E-0CB27FE9810D}.Release|Any CPU.ActiveCfg = Release|Any CPU
		{E58FC797-31B0-49EE-BA1E-0CB27FE9810D}.Release|Any CPU.Build.0 = Release|Any CPU
		{E58FC797-31B0-49EE-BA1E-0CB27FE9810D}.Release|x64.ActiveCfg = Release|Any CPU
		{E58FC797-31B0-49EE-BA1E-0CB27FE9810D}.Release|x64.Build.0 = Release|Any CPU
		{E58FC797-31B0-49EE-BA1E-0CB27FE9810D}.Release|x86.ActiveCfg = Release|Any CPU
		{E58FC797-31B0-49EE-BA1E-0CB27FE9810D}.Release|x86.Build.0 = Release|Any CPU
	EndGlobalSection
	GlobalSection(SolutionProperties) = preSolution
		HideSolutionNode = FALSE
	EndGlobalSection
	GlobalSection(NestedProjects) = preSolution
		{ACB155B2-FC5C-4EBF-9833-E56F893D4792} = {32D276E7-9D05-4EE0-8AB5-4454BC578ED4}
		{CB8DE787-7909-48CD-A621-30274FFF90DA} = {7DC30877-43F4-45AF-953D-499C3577B420}
		{0A0FFB1F-E353-453D-9697-FF2F9EC0DC91} = {32D276E7-9D05-4EE0-8AB5-4454BC578ED4}
		{EBDA0E11-8D93-4831-B3EE-E4D293E393FC} = {32D276E7-9D05-4EE0-8AB5-4454BC578ED4}
		{C6936B37-D4B0-4A44-A10F-DDA2215CD58C} = {32D276E7-9D05-4EE0-8AB5-4454BC578ED4}
		{E58FC797-31B0-49EE-BA1E-0CB27FE9810D} = {32D276E7-9D05-4EE0-8AB5-4454BC578ED4}
	EndGlobalSection
	GlobalSection(ExtensibilityGlobals) = postSolution
		SolutionGuid = {EDF87768-BE3C-439B-97A9-CBBA3EE3615F}
	EndGlobalSection
EndGlobal
